
Microsoft Visual Studio Solution File, Format Version 12.00
# Visual Studio Version 17
VisualStudioVersion = 17.9.34728.123
MinimumVisualStudioVersion = 10.0.40219.1
Project("{FAE04EC0-301F-11D3-BF4B-00C04F79EFBC}") = "TP_MS_Evento", "WebApplication1\TP_MS_Evento.csproj", "{31E32705-7938-4141-8007-F8687B9FB2FC}"
EndProject
Global
	GlobalSection(SolutionConfigurationPlatforms) = preSolution
		Debug|Any CPU = Debug|Any CPU
		Release|Any CPU = Release|Any CPU
	EndGlobalSection
	GlobalSection(ProjectConfigurationPlatforms) = postSolution
		{31E32705-7938-4141-8007-F8687B9FB2FC}.Debug|Any CPU.ActiveCfg = Debug|Any CPU
		{31E32705-7938-4141-8007-F8687B9FB2FC}.Debug|Any CPU.Build.0 = Debug|Any CPU
		{31E32705-7938-4141-8007-F8687B9FB2FC}.Release|Any CPU.ActiveCfg = Release|Any CPU
		{31E32705-7938-4141-8007-F8687B9FB2FC}.Release|Any CPU.Build.0 = Release|Any CPU
	EndGlobalSection
	GlobalSection(SolutionProperties) = preSolution
		HideSolutionNode = FALSE
	EndGlobalSection
	GlobalSection(ExtensibilityGlobals) = postSolution
		SolutionGuid = {2AEFEC42-4C9F-4098-AFF3-CC7453CF1035}
	EndGlobalSection
EndGlobal
